// !$*UTF8*$!
{
	archiveVersion = 1;
	classes = {
	};
	objectVersion = 50;
	objects = {

/* Begin PBXBuildFile section */
		28386294217CA4F400EB1494 /* ThemeColor.swift in Sources */ = {isa = PBXBuildFile; fileRef = 28386293217CA4F400EB1494 /* ThemeColor.swift */; };
		28710C302173BF040031570A /* EmojiService.swift in Sources */ = {isa = PBXBuildFile; fileRef = 28710C2F2173BF040031570A /* EmojiService.swift */; };
		28B887C02168EE5600081263 /* AppDelegate.swift in Sources */ = {isa = PBXBuildFile; fileRef = 28B887BF2168EE5600081263 /* AppDelegate.swift */; };
		28B887C22168EE5600081263 /* ViewController.swift in Sources */ = {isa = PBXBuildFile; fileRef = 28B887C12168EE5600081263 /* ViewController.swift */; };
		28B887C52168EE5600081263 /* Main.storyboard in Resources */ = {isa = PBXBuildFile; fileRef = 28B887C32168EE5600081263 /* Main.storyboard */; };
		28B887C82168EE5600081263 /* Concentrarion.xcdatamodeld in Sources */ = {isa = PBXBuildFile; fileRef = 28B887C62168EE5600081263 /* Concentrarion.xcdatamodeld */; };
		28B887CA2168EE5700081263 /* Assets.xcassets in Resources */ = {isa = PBXBuildFile; fileRef = 28B887C92168EE5700081263 /* Assets.xcassets */; };
		28B887CD2168EE5700081263 /* LaunchScreen.storyboard in Resources */ = {isa = PBXBuildFile; fileRef = 28B887CB2168EE5700081263 /* LaunchScreen.storyboard */; };
		28B887D82168EE5700081263 /* ConcentrarionTests.swift in Sources */ = {isa = PBXBuildFile; fileRef = 28B887D72168EE5700081263 /* ConcentrarionTests.swift */; };
		28B887E621692D3C00081263 /* Concentration.swift in Sources */ = {isa = PBXBuildFile; fileRef = 28B887E521692D3C00081263 /* Concentration.swift */; };
		28B887E921692E2A00081263 /* Card.swift in Sources */ = {isa = PBXBuildFile; fileRef = 28B887E821692E2A00081263 /* Card.swift */; };
		28B887EB216A620E00081263 /* Theme.swift in Sources */ = {isa = PBXBuildFile; fileRef = 28B887EA216A620E00081263 /* Theme.swift */; };
		28B887ED216A627900081263 /* ThemesProvider.swift in Sources */ = {isa = PBXBuildFile; fileRef = 28B887EC216A627900081263 /* ThemesProvider.swift */; };
		28B887EF216B9F0600081263 /* ThemePicker.swift in Sources */ = {isa = PBXBuildFile; fileRef = 28B887EE216B9F0600081263 /* ThemePicker.swift */; };
/* End PBXBuildFile section */

/* Begin PBXContainerItemProxy section */
		28B887D42168EE5700081263 /* PBXContainerItemProxy */ = {
			isa = PBXContainerItemProxy;
			containerPortal = 28B887B42168EE5600081263 /* Project object */;
			proxyType = 1;
			remoteGlobalIDString = 28B887BB2168EE5600081263;
			remoteInfo = Concentrarion;
		};
/* End PBXContainerItemProxy section */

/* Begin PBXFileReference section */
		28386293217CA4F400EB1494 /* ThemeColor.swift */ = {isa = PBXFileReference; lastKnownFileType = sourcecode.swift; path = ThemeColor.swift; sourceTree = "<group>"; };
		28710C2F2173BF040031570A /* EmojiService.swift */ = {isa = PBXFileReference; lastKnownFileType = sourcecode.swift; path = EmojiService.swift; sourceTree = "<group>"; };
		28B887BC2168EE5600081263 /* Concentrarion.app */ = {isa = PBXFileReference; explicitFileType = wrapper.application; includeInIndex = 0; path = Concentrarion.app; sourceTree = BUILT_PRODUCTS_DIR; };
		28B887BF2168EE5600081263 /* AppDelegate.swift */ = {isa = PBXFileReference; lastKnownFileType = sourcecode.swift; path = AppDelegate.swift; sourceTree = "<group>"; };
		28B887C12168EE5600081263 /* ViewController.swift */ = {isa = PBXFileReference; lastKnownFileType = sourcecode.swift; path = ViewController.swift; sourceTree = "<group>"; };
		28B887C42168EE5600081263 /* Base */ = {isa = PBXFileReference; lastKnownFileType = file.storyboard; name = Base; path = Base.lproj/Main.storyboard; sourceTree = "<group>"; };
		28B887C72168EE5600081263 /* Concentrarion.xcdatamodel */ = {isa = PBXFileReference; lastKnownFileType = wrapper.xcdatamodel; path = Concentrarion.xcdatamodel; sourceTree = "<group>"; };
		28B887C92168EE5700081263 /* Assets.xcassets */ = {isa = PBXFileReference; lastKnownFileType = folder.assetcatalog; path = Assets.xcassets; sourceTree = "<group>"; };
		28B887CC2168EE5700081263 /* Base */ = {isa = PBXFileReference; lastKnownFileType = file.storyboard; name = Base; path = Base.lproj/LaunchScreen.storyboard; sourceTree = "<group>"; };
		28B887CE2168EE5700081263 /* Info.plist */ = {isa = PBXFileReference; lastKnownFileType = text.plist.xml; path = Info.plist; sourceTree = "<group>"; };
		28B887D32168EE5700081263 /* ConcentrarionTests.xctest */ = {isa = PBXFileReference; explicitFileType = wrapper.cfbundle; includeInIndex = 0; path = ConcentrarionTests.xctest; sourceTree = BUILT_PRODUCTS_DIR; };
		28B887D72168EE5700081263 /* ConcentrarionTests.swift */ = {isa = PBXFileReference; lastKnownFileType = sourcecode.swift; path = ConcentrarionTests.swift; sourceTree = "<group>"; };
		28B887D92168EE5700081263 /* Info.plist */ = {isa = PBXFileReference; lastKnownFileType = text.plist.xml; path = Info.plist; sourceTree = "<group>"; };
		28B887E521692D3C00081263 /* Concentration.swift */ = {isa = PBXFileReference; lastKnownFileType = sourcecode.swift; path = Concentration.swift; sourceTree = "<group>"; };
		28B887E821692E2A00081263 /* Card.swift */ = {isa = PBXFileReference; lastKnownFileType = sourcecode.swift; path = Card.swift; sourceTree = "<group>"; };
		28B887EA216A620E00081263 /* Theme.swift */ = {isa = PBXFileReference; lastKnownFileType = sourcecode.swift; path = Theme.swift; sourceTree = "<group>"; };
		28B887EC216A627900081263 /* ThemesProvider.swift */ = {isa = PBXFileReference; lastKnownFileType = sourcecode.swift; path = ThemesProvider.swift; sourceTree = "<group>"; };
		28B887EE216B9F0600081263 /* ThemePicker.swift */ = {isa = PBXFileReference; lastKnownFileType = sourcecode.swift; path = ThemePicker.swift; sourceTree = "<group>"; };
/* End PBXFileReference section */

/* Begin PBXFrameworksBuildPhase section */
		28B887B92168EE5600081263 /* Frameworks */ = {
			isa = PBXFrameworksBuildPhase;
			buildActionMask = 2147483647;
			files = (
			);
			runOnlyForDeploymentPostprocessing = 0;
		};
		28B887D02168EE5700081263 /* Frameworks */ = {
			isa = PBXFrameworksBuildPhase;
			buildActionMask = 2147483647;
			files = (
			);
			runOnlyForDeploymentPostprocessing = 0;
		};
/* End PBXFrameworksBuildPhase section */

/* Begin PBXGroup section */
		28386290217CA46E00EB1494 /* theme */ = {
			isa = PBXGroup;
			children = (
				28386293217CA4F400EB1494 /* ThemeColor.swift */,
				28B887EA216A620E00081263 /* Theme.swift */,
				28B887EC216A627900081263 /* ThemesProvider.swift */,
				28B887EE216B9F0600081263 /* ThemePicker.swift */,
			);
			path = theme;
			sourceTree = "<group>";
		};
		28386291217CA48300EB1494 /* game */ = {
			isa = PBXGroup;
			children = (
				28386292217CA4A400EB1494 /* displaying */,
				28386290217CA46E00EB1494 /* theme */,
				28B887E821692E2A00081263 /* Card.swift */,
				28B887E521692D3C00081263 /* Concentration.swift */,
			);
			path = game;
			sourceTree = "<group>";
		};
		28386292217CA4A400EB1494 /* displaying */ = {
			isa = PBXGroup;
			children = (
				28710C2F2173BF040031570A /* EmojiService.swift */,
			);
			path = displaying;
			sourceTree = "<group>";
		};
		28B887B32168EE5600081263 = {
			isa = PBXGroup;
			children = (
				28B887BE2168EE5600081263 /* Concentrarion */,
				28B887D62168EE5700081263 /* ConcentrarionTests */,
				28B887BD2168EE5600081263 /* Products */,
			);
			sourceTree = "<group>";
		};
		28B887BD2168EE5600081263 /* Products */ = {
			isa = PBXGroup;
			children = (
				28B887BC2168EE5600081263 /* Concentrarion.app */,
				28B887D32168EE5700081263 /* ConcentrarionTests.xctest */,
			);
			name = Products;
			sourceTree = "<group>";
		};
		28B887BE2168EE5600081263 /* Concentrarion */ = {
			isa = PBXGroup;
			children = (
				28386291217CA48300EB1494 /* game */,
				28B887E22168EEB000081263 /* Supporting Files */,
				28B887C12168EE5600081263 /* ViewController.swift */,
				28B887C32168EE5600081263 /* Main.storyboard */,
				28B887CE2168EE5700081263 /* Info.plist */,
				28B887C62168EE5600081263 /* Concentrarion.xcdatamodeld */,
			);
			path = Concentrarion;
			sourceTree = "<group>";
		};
		28B887D62168EE5700081263 /* ConcentrarionTests */ = {
			isa = PBXGroup;
			children = (
				28B887D72168EE5700081263 /* ConcentrarionTests.swift */,
				28B887D92168EE5700081263 /* Info.plist */,
			);
			path = ConcentrarionTests;
			sourceTree = "<group>";
		};
		28B887E22168EEB000081263 /* Supporting Files */ = {
			isa = PBXGroup;
			children = (
				28B887BF2168EE5600081263 /* AppDelegate.swift */,
				28B887C92168EE5700081263 /* Assets.xcassets */,
				28B887CB2168EE5700081263 /* LaunchScreen.storyboard */,
			);
			path = "Supporting Files";
			sourceTree = "<group>";
		};
/* End PBXGroup section */

/* Begin PBXNativeTarget section */
		28B887BB2168EE5600081263 /* Concentrarion */ = {
			isa = PBXNativeTarget;
			buildConfigurationList = 28B887DC2168EE5700081263 /* Build configuration list for PBXNativeTarget "Concentrarion" */;
			buildPhases = (
				28B887B82168EE5600081263 /* Sources */,
				28B887B92168EE5600081263 /* Frameworks */,
				28B887BA2168EE5600081263 /* Resources */,
			);
			buildRules = (
			);
			dependencies = (
			);
			name = Concentrarion;
			productName = Concentrarion;
			productReference = 28B887BC2168EE5600081263 /* Concentrarion.app */;
			productType = "com.apple.product-type.application";
		};
		28B887D22168EE5700081263 /* ConcentrarionTests */ = {
			isa = PBXNativeTarget;
			buildConfigurationList = 28B887DF2168EE5700081263 /* Build configuration list for PBXNativeTarget "ConcentrarionTests" */;
			buildPhases = (
				28B887CF2168EE5700081263 /* Sources */,
				28B887D02168EE5700081263 /* Frameworks */,
				28B887D12168EE5700081263 /* Resources */,
			);
			buildRules = (
			);
			dependencies = (
				28B887D52168EE5700081263 /* PBXTargetDependency */,
			);
			name = ConcentrarionTests;
			productName = ConcentrarionTests;
			productReference = 28B887D32168EE5700081263 /* ConcentrarionTests.xctest */;
			productType = "com.apple.product-type.bundle.unit-test";
		};
/* End PBXNativeTarget section */

/* Begin PBXProject section */
		28B887B42168EE5600081263 /* Project object */ = {
			isa = PBXProject;
			attributes = {
				LastSwiftUpdateCheck = 1000;
				LastUpgradeCheck = 1000;
				ORGANIZATIONNAME = "Dmitrii Kupchenko";
				TargetAttributes = {
					28B887BB2168EE5600081263 = {
						CreatedOnToolsVersion = 10.0;
					};
					28B887D22168EE5700081263 = {
						CreatedOnToolsVersion = 10.0;
						TestTargetID = 28B887BB2168EE5600081263;
					};
				};
			};
			buildConfigurationList = 28B887B72168EE5600081263 /* Build configuration list for PBXProject "Concentrarion" */;
			compatibilityVersion = "Xcode 9.3";
			developmentRegion = en;
			hasScannedForEncodings = 0;
			knownRegions = (
				en,
				Base,
			);
			mainGroup = 28B887B32168EE5600081263;
			productRefGroup = 28B887BD2168EE5600081263 /* Products */;
			projectDirPath = "";
			projectRoot = "";
			targets = (
				28B887BB2168EE5600081263 /* Concentrarion */,
				28B887D22168EE5700081263 /* ConcentrarionTests */,
			);
		};
/* End PBXProject section */

/* Begin PBXResourcesBuildPhase section */
		28B887BA2168EE5600081263 /* Resources */ = {
			isa = PBXResourcesBuildPhase;
			buildActionMask = 2147483647;
			files = (
				28B887CD2168EE5700081263 /* LaunchScreen.storyboard in Resources */,
				28B887CA2168EE5700081263 /* Assets.xcassets in Resources */,
				28B887C52168EE5600081263 /* Main.storyboard in Resources */,
			);
			runOnlyForDeploymentPostprocessing = 0;
		};
		28B887D12168EE5700081263 /* Resources */ = {
			isa = PBXResourcesBuildPhase;
			buildActionMask = 2147483647;
			files = (
			);
			runOnlyForDeploymentPostprocessing = 0;
		};
/* End PBXResourcesBuildPhase section */

/* Begin PBXSourcesBuildPhase section */
		28B887B82168EE5600081263 /* Sources */ = {
			isa = PBXSourcesBuildPhase;
			buildActionMask = 2147483647;
			files = (
				28B887ED216A627900081263 /* ThemesProvider.swift in Sources */,
				28B887EF216B9F0600081263 /* ThemePicker.swift in Sources */,
				28B887C22168EE5600081263 /* ViewController.swift in Sources */,
				28710C302173BF040031570A /* EmojiService.swift in Sources */,
				28B887E621692D3C00081263 /* Concentration.swift in Sources */,
				28B887E921692E2A00081263 /* Card.swift in Sources */,
				28B887C82168EE5600081263 /* Concentrarion.xcdatamodeld in Sources */,
				28B887C02168EE5600081263 /* AppDelegate.swift in Sources */,
				28B887EB216A620E00081263 /* Theme.swift in Sources */,
				28386294217CA4F400EB1494 /* ThemeColor.swift in Sources */,
			);
			runOnlyForDeploymentPostprocessing = 0;
		};
		28B887CF2168EE5700081263 /* Sources */ = {
			isa = PBXSourcesBuildPhase;
			buildActionMask = 2147483647;
			files = (
				28B887D82168EE5700081263 /* ConcentrarionTests.swift in Sources */,
			);
			runOnlyForDeploymentPostprocessing = 0;
		};
/* End PBXSourcesBuildPhase section */

/* Begin PBXTargetDependency section */
		28B887D52168EE5700081263 /* PBXTargetDependency */ = {
			isa = PBXTargetDependency;
			target = 28B887BB2168EE5600081263 /* Concentrarion */;
			targetProxy = 28B887D42168EE5700081263 /* PBXContainerItemProxy */;
		};
/* End PBXTargetDependency section */

/* Begin PBXVariantGroup section */
		28B887C32168EE5600081263 /* Main.storyboard */ = {
			isa = PBXVariantGroup;
			children = (
				28B887C42168EE5600081263 /* Base */,
			);
			name = Main.storyboard;
			sourceTree = "<group>";
		};
		28B887CB2168EE5700081263 /* LaunchScreen.storyboard */ = {
			isa = PBXVariantGroup;
			children = (
				28B887CC2168EE5700081263 /* Base */,
			);
			name = LaunchScreen.storyboard;
			sourceTree = "<group>";
		};
/* End PBXVariantGroup section */

/* Begin XCBuildConfiguration section */
		28B887DA2168EE5700081263 /* Debug */ = {
			isa = XCBuildConfiguration;
			buildSettings = {
				ALWAYS_SEARCH_USER_PATHS = NO;
				CLANG_ANALYZER_NONNULL = YES;
				CLANG_ANALYZER_NUMBER_OBJECT_CONVERSION = YES_AGGRESSIVE;
				CLANG_CXX_LANGUAGE_STANDARD = "gnu++14";
				CLANG_CXX_LIBRARY = "libc++";
				CLANG_ENABLE_MODULES = YES;
				CLANG_ENABLE_OBJC_ARC = YES;
				CLANG_ENABLE_OBJC_WEAK = YES;
				CLANG_WARN_BLOCK_CAPTURE_AUTORELEASING = YES;
				CLANG_WARN_BOOL_CONVERSION = YES;
				CLANG_WARN_COMMA = YES;
				CLANG_WARN_CONSTANT_CONVERSION = YES;
				CLANG_WARN_DEPRECATED_OBJC_IMPLEMENTATIONS = YES;
				CLANG_WARN_DIRECT_OBJC_ISA_USAGE = YES_ERROR;
				CLANG_WARN_DOCUMENTATION_COMMENTS = YES;
				CLANG_WARN_EMPTY_BODY = YES;
				CLANG_WARN_ENUM_CONVERSION = YES;
				CLANG_WARN_INFINITE_RECURSION = YES;
				CLANG_WARN_INT_CONVERSION = YES;
				CLANG_WARN_NON_LITERAL_NULL_CONVERSION = YES;
				CLANG_WARN_OBJC_IMPLICIT_RETAIN_SELF = YES;
				CLANG_WARN_OBJC_LITERAL_CONVERSION = YES;
				CLANG_WARN_OBJC_ROOT_CLASS = YES_ERROR;
				CLANG_WARN_RANGE_LOOP_ANALYSIS = YES;
				CLANG_WARN_STRICT_PROTOTYPES = YES;
				CLANG_WARN_SUSPICIOUS_MOVE = YES;
				CLANG_WARN_UNGUARDED_AVAILABILITY = YES_AGGRESSIVE;
				CLANG_WARN_UNREACHABLE_CODE = YES;
				CLANG_WARN__DUPLICATE_METHOD_MATCH = YES;
				CODE_SIGN_IDENTITY = "iPhone Developer";
				COPY_PHASE_STRIP = NO;
				DEBUG_INFORMATION_FORMAT = dwarf;
				ENABLE_STRICT_OBJC_MSGSEND = YES;
				ENABLE_TESTABILITY = YES;
				GCC_C_LANGUAGE_STANDARD = gnu11;
				GCC_DYNAMIC_NO_PIC = NO;
				GCC_NO_COMMON_BLOCKS = YES;
				GCC_OPTIMIZATION_LEVEL = 0;
				GCC_PREPROCESSOR_DEFINITIONS = (
					"DEBUG=1",
					"$(inherited)",
				);
				GCC_WARN_64_TO_32_BIT_CONVERSION = YES;
				GCC_WARN_ABOUT_RETURN_TYPE = YES_ERROR;
				GCC_WARN_UNDECLARED_SELECTOR = YES;
				GCC_WARN_UNINITIALIZED_AUTOS = YES_AGGRESSIVE;
				GCC_WARN_UNUSED_FUNCTION = YES;
				GCC_WARN_UNUSED_VARIABLE = YES;
				IPHONEOS_DEPLOYMENT_TARGET = 12.0;
				MTL_ENABLE_DEBUG_INFO = INCLUDE_SOURCE;
				MTL_FAST_MATH = YES;
				ONLY_ACTIVE_ARCH = YES;
				SDKROOT = iphoneos;
				SWIFT_ACTIVE_COMPILATION_CONDITIONS = DEBUG;
				SWIFT_OPTIMIZATION_LEVEL = "-Onone";
			};
			name = Debug;
		};
		28B887DB2168EE5700081263 /* Release */ = {
			isa = XCBuildConfiguration;
			buildSettings = {
				ALWAYS_SEARCH_USER_PATHS = NO;
				CLANG_ANALYZER_NONNULL = YES;
				CLANG_ANALYZER_NUMBER_OBJECT_CONVERSION = YES_AGGRESSIVE;
				CLANG_CXX_LANGUAGE_STANDARD = "gnu++14";
				CLANG_CXX_LIBRARY = "libc++";
				CLANG_ENABLE_MODULES = YES;
				CLANG_ENABLE_OBJC_ARC = YES;
				CLANG_ENABLE_OBJC_WEAK = YES;
				CLANG_WARN_BLOCK_CAPTURE_AUTORELEASING = YES;
				CLANG_WARN_BOOL_CONVERSION = YES;
				CLANG_WARN_COMMA = YES;
				CLANG_WARN_CONSTANT_CONVERSION = YES;
				CLANG_WARN_DEPRECATED_OBJC_IMPLEMENTATIONS = YES;
				CLANG_WARN_DIRECT_OBJC_ISA_USAGE = YES_ERROR;
				CLANG_WARN_DOCUMENTATION_COMMENTS = YES;
				CLANG_WARN_EMPTY_BODY = YES;
				CLANG_WARN_ENUM_CONVERSION = YES;
				CLANG_WARN_INFINITE_RECURSION = YES;
				CLANG_WARN_INT_CONVERSION = YES;
				CLANG_WARN_NON_LITERAL_NULL_CONVERSION = YES;
				CLANG_WARN_OBJC_IMPLICIT_RETAIN_SELF = YES;
				CLANG_WARN_OBJC_LITERAL_CONVERSION = YES;
				CLANG_WARN_OBJC_ROOT_CLASS = YES_ERROR;
				CLANG_WARN_RANGE_LOOP_ANALYSIS = YES;
				CLANG_WARN_STRICT_PROTOTYPES = YES;
				CLANG_WARN_SUSPICIOUS_MOVE = YES;
				CLANG_WARN_UNGUARDED_AVAILABILITY = YES_AGGRESSIVE;
				CLANG_WARN_UNREACHABLE_CODE = YES;
				CLANG_WARN__DUPLICATE_METHOD_MATCH = YES;
				CODE_SIGN_IDENTITY = "iPhone Developer";
				COPY_PHASE_STRIP = NO;
				DEBUG_INFORMATION_FORMAT = "dwarf-with-dsym";
				ENABLE_NS_ASSERTIONS = NO;
				ENABLE_STRICT_OBJC_MSGSEND = YES;
				GCC_C_LANGUAGE_STANDARD = gnu11;
				GCC_NO_COMMON_BLOCKS = YES;
				GCC_WARN_64_TO_32_BIT_CONVERSION = YES;
				GCC_WARN_ABOUT_RETURN_TYPE = YES_ERROR;
				GCC_WARN_UNDECLARED_SELECTOR = YES;
				GCC_WARN_UNINITIALIZED_AUTOS = YES_AGGRESSIVE;
				GCC_WARN_UNUSED_FUNCTION = YES;
				GCC_WARN_UNUSED_VARIABLE = YES;
				IPHONEOS_DEPLOYMENT_TARGET = 12.0;
				MTL_ENABLE_DEBUG_INFO = NO;
				MTL_FAST_MATH = YES;
				SDKROOT = iphoneos;
				SWIFT_COMPILATION_MODE = wholemodule;
				SWIFT_OPTIMIZATION_LEVEL = "-O";
				VALIDATE_PRODUCT = YES;
			};
			name = Release;
		};
		28B887DD2168EE5700081263 /* Debug */ = {
			isa = XCBuildConfiguration;
			buildSettings = {
				ASSETCATALOG_COMPILER_APPICON_NAME = AppIcon;
				CODE_SIGN_STYLE = Automatic;
				DEVELOPMENT_TEAM = G878TYJ832;
				INFOPLIST_FILE = Concentrarion/Info.plist;
				LD_RUNPATH_SEARCH_PATHS = (
					"$(inherited)",
					"@executable_path/Frameworks",
				);
				PRODUCT_BUNDLE_IDENTIFIER = me.kupchenko.Concentrarion;
				PRODUCT_NAME = "$(TARGET_NAME)";
				SWIFT_VERSION = 4.2;
				TARGETED_DEVICE_FAMILY = "1,2";
			};
			name = Debug;
		};
		28B887DE2168EE5700081263 /* Release */ = {
			isa = XCBuildConfiguration;
			buildSettings = {
				ASSETCATALOG_COMPILER_APPICON_NAME = AppIcon;
				CODE_SIGN_STYLE = Automatic;
				DEVELOPMENT_TEAM = G878TYJ832;
				INFOPLIST_FILE = Concentrarion/Info.plist;
				LD_RUNPATH_SEARCH_PATHS = (
					"$(inherited)",
					"@executable_path/Frameworks",
				);
				PRODUCT_BUNDLE_IDENTIFIER = me.kupchenko.Concentrarion;
				PRODUCT_NAME = "$(TARGET_NAME)";
				SWIFT_VERSION = 4.2;
				TARGETED_DEVICE_FAMILY = "1,2";
			};
			name = Release;
		};
		28B887E02168EE5700081263 /* Debug */ = {
			isa = XCBuildConfiguration;
			buildSettings = {
				ALWAYS_EMBED_SWIFT_STANDARD_LIBRARIES = YES;
				BUNDLE_LOADER = "$(TEST_HOST)";
				CODE_SIGN_STYLE = Automatic;
				DEVELOPMENT_TEAM = G878TYJ832;
				INFOPLIST_FILE = ConcentrarionTests/Info.plist;
				LD_RUNPATH_SEARCH_PATHS = (
					"$(inherited)",
					"@executable_path/Frameworks",
					"@loader_path/Frameworks",
				);
				PRODUCT_BUNDLE_IDENTIFIER = me.kupchenko.ConcentrarionTests;
				PRODUCT_NAME = "$(TARGET_NAME)";
				SWIFT_VERSION = 4.2;
				TARGETED_DEVICE_FAMILY = "1,2";
				TEST_HOST = "$(BUILT_PRODUCTS_DIR)/Concentrarion.app/Concentrarion";
			};
			name = Debug;
		};
		28B887E12168EE5700081263 /* Release */ = {
			isa = XCBuildConfiguration;
			buildSettings = {
				ALWAYS_EMBED_SWIFT_STANDARD_LIBRARIES = YES;
				BUNDLE_LOADER = "$(TEST_HOST)";
				CODE_SIGN_STYLE = Automatic;
				DEVELOPMENT_TEAM = G878TYJ832;
				INFOPLIST_FILE = ConcentrarionTests/Info.plist;
				LD_RUNPATH_SEARCH_PATHS = (
					"$(inherited)",
					"@executable_path/Frameworks",
					"@loader_path/Frameworks",
				);
				PRODUCT_BUNDLE_IDENTIFIER = me.kupchenko.ConcentrarionTests;
				PRODUCT_NAME = "$(TARGET_NAME)";
				SWIFT_VERSION = 4.2;
				TARGETED_DEVICE_FAMILY = "1,2";
				TEST_HOST = "$(BUILT_PRODUCTS_DIR)/Concentrarion.app/Concentrarion";
			};
			name = Release;
		};
/* End XCBuildConfiguration section */

/* Begin XCConfigurationList section */
		28B887B72168EE5600081263 /* Build configuration list for PBXProject "Concentrarion" */ = {
			isa = XCConfigurationList;
			buildConfigurations = (
				28B887DA2168EE5700081263 /* Debug */,
				28B887DB2168EE5700081263 /* Release */,
			);
			defaultConfigurationIsVisible = 0;
			defaultConfigurationName = Release;
		};
		28B887DC2168EE5700081263 /* Build configuration list for PBXNativeTarget "Concentrarion" */ = {
			isa = XCConfigurationList;
			buildConfigurations = (
				28B887DD2168EE5700081263 /* Debug */,
				28B887DE2168EE5700081263 /* Release */,
			);
			defaultConfigurationIsVisible = 0;
			defaultConfigurationName = Release;
		};
		28B887DF2168EE5700081263 /* Build configuration list for PBXNativeTarget "ConcentrarionTests" */ = {
			isa = XCConfigurationList;
			buildConfigurations = (
				28B887E02168EE5700081263 /* Debug */,
				28B887E12168EE5700081263 /* Release */,
			);
			defaultConfigurationIsVisible = 0;
			defaultConfigurationName = Release;
		};
/* End XCConfigurationList section */

/* Begin XCVersionGroup section */
		28B887C62168EE5600081263 /* Concentrarion.xcdatamodeld */ = {
			isa = XCVersionGroup;
			children = (
				28B887C72168EE5600081263 /* Concentrarion.xcdatamodel */,
			);
			currentVersion = 28B887C72168EE5600081263 /* Concentrarion.xcdatamodel */;
			path = Concentrarion.xcdatamodeld;
			sourceTree = "<group>";
			versionGroupType = wrapper.xcdatamodel;
		};
/* End XCVersionGroup section */
	};
	rootObject = 28B887B42168EE5600081263 /* Project object */;
}
